// !$*UTF8*$!
{
	archiveVersion = 1;
	classes = {
	};
	objectVersion = 48;
	objects = {

/* Begin PBXBuildFile section */
		D722176D20207E9200F9CBA1 /* AppDelegate.swift in Sources */ = {isa = PBXBuildFile; fileRef = D722176C20207E9200F9CBA1 /* AppDelegate.swift */; };
		D722176F20207E9200F9CBA1 /* ViewController.swift in Sources */ = {isa = PBXBuildFile; fileRef = D722176E20207E9200F9CBA1 /* ViewController.swift */; };
		D722177220207E9200F9CBA1 /* Main.storyboard in Resources */ = {isa = PBXBuildFile; fileRef = D722177020207E9200F9CBA1 /* Main.storyboard */; };
		D722177420207E9200F9CBA1 /* Assets.xcassets in Resources */ = {isa = PBXBuildFile; fileRef = D722177320207E9200F9CBA1 /* Assets.xcassets */; };
		D722177720207E9200F9CBA1 /* LaunchScreen.storyboard in Resources */ = {isa = PBXBuildFile; fileRef = D722177520207E9200F9CBA1 /* LaunchScreen.storyboard */; };
		D722178D20207E9200F9CBA1 /* TDDTestUITests.swift in Sources */ = {isa = PBXBuildFile; fileRef = D722178C20207E9200F9CBA1 /* TDDTestUITests.swift */; };
		D722179B20207F1E00F9CBA1 /* BrainTests.swift in Sources */ = {isa = PBXBuildFile; fileRef = D722179A20207F1E00F9CBA1 /* BrainTests.swift */; };
		D722179D20207FCF00F9CBA1 /* Brain.swift in Sources */ = {isa = PBXBuildFile; fileRef = D722179C20207FCF00F9CBA1 /* Brain.swift */; };
		D722179F2020C24B00F9CBA1 /* GameTests.swift in Sources */ = {isa = PBXBuildFile; fileRef = D722179E2020C24B00F9CBA1 /* GameTests.swift */; };
		D72217A32020C2A100F9CBA1 /* Game.swift in Sources */ = {isa = PBXBuildFile; fileRef = D72217A22020C2A100F9CBA1 /* Game.swift */; };
		D72217A52020CB6000F9CBA1 /* ViewControllerUnitTests.swift in Sources */ = {isa = PBXBuildFile; fileRef = D72217A42020CB6000F9CBA1 /* ViewControllerUnitTests.swift */; };
		D72217A72021DFC600F9CBA1 /* BluetoothVC.swift in Sources */ = {isa = PBXBuildFile; fileRef = D72217A62021DFC600F9CBA1 /* BluetoothVC.swift */; };
		D72217A92023043400F9CBA1 /* DataConvertible.swift in Sources */ = {isa = PBXBuildFile; fileRef = D72217A82023043400F9CBA1 /* DataConvertible.swift */; };
		D72217AC202305F000F9CBA1 /* CBCharacteristic+Properties.swift in Sources */ = {isa = PBXBuildFile; fileRef = D72217AB202305F000F9CBA1 /* CBCharacteristic+Properties.swift */; };
/* End PBXBuildFile section */

/* Begin PBXContainerItemProxy section */
		D722177E20207E9200F9CBA1 /* PBXContainerItemProxy */ = {
			isa = PBXContainerItemProxy;
			containerPortal = D722176120207E9200F9CBA1 /* Project object */;
			proxyType = 1;
			remoteGlobalIDString = D722176820207E9200F9CBA1;
			remoteInfo = TDDTest;
		};
		D722178920207E9200F9CBA1 /* PBXContainerItemProxy */ = {
			isa = PBXContainerItemProxy;
			containerPortal = D722176120207E9200F9CBA1 /* Project object */;
			proxyType = 1;
			remoteGlobalIDString = D722176820207E9200F9CBA1;
			remoteInfo = TDDTest;
		};
/* End PBXContainerItemProxy section */

/* Begin PBXFileReference section */
		D722176920207E9200F9CBA1 /* TDDTest.app */ = {isa = PBXFileReference; explicitFileType = wrapper.application; includeInIndex = 0; path = TDDTest.app; sourceTree = BUILT_PRODUCTS_DIR; };
		D722176C20207E9200F9CBA1 /* AppDelegate.swift */ = {isa = PBXFileReference; lastKnownFileType = sourcecode.swift; path = AppDelegate.swift; sourceTree = "<group>"; };
		D722176E20207E9200F9CBA1 /* ViewController.swift */ = {isa = PBXFileReference; lastKnownFileType = sourcecode.swift; path = ViewController.swift; sourceTree = "<group>"; };
		D722177120207E9200F9CBA1 /* Base */ = {isa = PBXFileReference; lastKnownFileType = file.storyboard; name = Base; path = Base.lproj/Main.storyboard; sourceTree = "<group>"; };
		D722177320207E9200F9CBA1 /* Assets.xcassets */ = {isa = PBXFileReference; lastKnownFileType = folder.assetcatalog; path = Assets.xcassets; sourceTree = "<group>"; };
		D722177620207E9200F9CBA1 /* Base */ = {isa = PBXFileReference; lastKnownFileType = file.storyboard; name = Base; path = Base.lproj/LaunchScreen.storyboard; sourceTree = "<group>"; };
		D722177820207E9200F9CBA1 /* Info.plist */ = {isa = PBXFileReference; lastKnownFileType = text.plist.xml; path = Info.plist; sourceTree = "<group>"; };
		D722177D20207E9200F9CBA1 /* TDDTestTests.xctest */ = {isa = PBXFileReference; explicitFileType = wrapper.cfbundle; includeInIndex = 0; path = TDDTestTests.xctest; sourceTree = BUILT_PRODUCTS_DIR; };
		D722178320207E9200F9CBA1 /* Info.plist */ = {isa = PBXFileReference; lastKnownFileType = text.plist.xml; path = Info.plist; sourceTree = "<group>"; };
		D722178820207E9200F9CBA1 /* TDDTestUITests.xctest */ = {isa = PBXFileReference; explicitFileType = wrapper.cfbundle; includeInIndex = 0; path = TDDTestUITests.xctest; sourceTree = BUILT_PRODUCTS_DIR; };
		D722178C20207E9200F9CBA1 /* TDDTestUITests.swift */ = {isa = PBXFileReference; lastKnownFileType = sourcecode.swift; path = TDDTestUITests.swift; sourceTree = "<group>"; };
		D722178E20207E9200F9CBA1 /* Info.plist */ = {isa = PBXFileReference; lastKnownFileType = text.plist.xml; path = Info.plist; sourceTree = "<group>"; };
		D722179A20207F1E00F9CBA1 /* BrainTests.swift */ = {isa = PBXFileReference; lastKnownFileType = sourcecode.swift; path = BrainTests.swift; sourceTree = "<group>"; };
		D722179C20207FCF00F9CBA1 /* Brain.swift */ = {isa = PBXFileReference; lastKnownFileType = sourcecode.swift; path = Brain.swift; sourceTree = "<group>"; };
		D722179E2020C24B00F9CBA1 /* GameTests.swift */ = {isa = PBXFileReference; lastKnownFileType = sourcecode.swift; path = GameTests.swift; sourceTree = "<group>"; };
		D72217A22020C2A100F9CBA1 /* Game.swift */ = {isa = PBXFileReference; lastKnownFileType = sourcecode.swift; path = Game.swift; sourceTree = "<group>"; };
		D72217A42020CB6000F9CBA1 /* ViewControllerUnitTests.swift */ = {isa = PBXFileReference; lastKnownFileType = sourcecode.swift; path = ViewControllerUnitTests.swift; sourceTree = "<group>"; };
		D72217A62021DFC600F9CBA1 /* BluetoothVC.swift */ = {isa = PBXFileReference; lastKnownFileType = sourcecode.swift; path = BluetoothVC.swift; sourceTree = "<group>"; };
		D72217A82023043400F9CBA1 /* DataConvertible.swift */ = {isa = PBXFileReference; lastKnownFileType = sourcecode.swift; path = DataConvertible.swift; sourceTree = "<group>"; };
		D72217AB202305F000F9CBA1 /* CBCharacteristic+Properties.swift */ = {isa = PBXFileReference; lastKnownFileType = sourcecode.swift; path = "CBCharacteristic+Properties.swift"; sourceTree = "<group>"; };
/* End PBXFileReference section */

/* Begin PBXFrameworksBuildPhase section */
		D722176620207E9200F9CBA1 /* Frameworks */ = {
			isa = PBXFrameworksBuildPhase;
			buildActionMask = 2147483647;
			files = (
			);
			runOnlyForDeploymentPostprocessing = 0;
		};
		D722177A20207E9200F9CBA1 /* Frameworks */ = {
			isa = PBXFrameworksBuildPhase;
			buildActionMask = 2147483647;
			files = (
			);
			runOnlyForDeploymentPostprocessing = 0;
		};
		D722178520207E9200F9CBA1 /* Frameworks */ = {
			isa = PBXFrameworksBuildPhase;
			buildActionMask = 2147483647;
			files = (
			);
			runOnlyForDeploymentPostprocessing = 0;
		};
/* End PBXFrameworksBuildPhase section */

/* Begin PBXGroup section */
		D722176020207E9200F9CBA1 = {
			isa = PBXGroup;
			children = (
				D722176B20207E9200F9CBA1 /* TDDTest */,
				D722178020207E9200F9CBA1 /* TDDTestTests */,
				D722178B20207E9200F9CBA1 /* TDDTestUITests */,
				D722176A20207E9200F9CBA1 /* Products */,
			);
			sourceTree = "<group>";
		};
		D722176A20207E9200F9CBA1 /* Products */ = {
			isa = PBXGroup;
			children = (
				D722176920207E9200F9CBA1 /* TDDTest.app */,
				D722177D20207E9200F9CBA1 /* TDDTestTests.xctest */,
				D722178820207E9200F9CBA1 /* TDDTestUITests.xctest */,
			);
			name = Products;
			sourceTree = "<group>";
		};
		D722176B20207E9200F9CBA1 /* TDDTest */ = {
			isa = PBXGroup;
			children = (
				D722176C20207E9200F9CBA1 /* AppDelegate.swift */,
				D72217A62021DFC600F9CBA1 /* BluetoothVC.swift */,
				D722176E20207E9200F9CBA1 /* ViewController.swift */,
				D722179C20207FCF00F9CBA1 /* Brain.swift */,
				D72217A22020C2A100F9CBA1 /* Game.swift */,
				D722177020207E9200F9CBA1 /* Main.storyboard */,
				D722177320207E9200F9CBA1 /* Assets.xcassets */,
				D722177520207E9200F9CBA1 /* LaunchScreen.storyboard */,
				D72217AA202305D600F9CBA1 /* Extension */,
				D722177820207E9200F9CBA1 /* Info.plist */,
			);
			path = TDDTest;
			sourceTree = "<group>";
		};
		D722178020207E9200F9CBA1 /* TDDTestTests */ = {
			isa = PBXGroup;
			children = (
				D722178320207E9200F9CBA1 /* Info.plist */,
				D722179A20207F1E00F9CBA1 /* BrainTests.swift */,
				D722179E2020C24B00F9CBA1 /* GameTests.swift */,
				D72217A42020CB6000F9CBA1 /* ViewControllerUnitTests.swift */,
			);
			path = TDDTestTests;
			sourceTree = "<group>";
		};
		D722178B20207E9200F9CBA1 /* TDDTestUITests */ = {
			isa = PBXGroup;
			children = (
				D722178C20207E9200F9CBA1 /* TDDTestUITests.swift */,
				D722178E20207E9200F9CBA1 /* Info.plist */,
			);
			path = TDDTestUITests;
			sourceTree = "<group>";
		};
		D72217AA202305D600F9CBA1 /* Extension */ = {
			isa = PBXGroup;
			children = (
				D72217A82023043400F9CBA1 /* DataConvertible.swift */,
				D72217AB202305F000F9CBA1 /* CBCharacteristic+Properties.swift */,
			);
			path = Extension;
			sourceTree = "<group>";
		};
/* End PBXGroup section */

/* Begin PBXNativeTarget section */
		D722176820207E9200F9CBA1 /* TDDTest */ = {
			isa = PBXNativeTarget;
			buildConfigurationList = D722179120207E9200F9CBA1 /* Build configuration list for PBXNativeTarget "TDDTest" */;
			buildPhases = (
				D722176520207E9200F9CBA1 /* Sources */,
				D722176620207E9200F9CBA1 /* Frameworks */,
				D722176720207E9200F9CBA1 /* Resources */,
			);
			buildRules = (
			);
			dependencies = (
			);
			name = TDDTest;
			productName = TDDTest;
			productReference = D722176920207E9200F9CBA1 /* TDDTest.app */;
			productType = "com.apple.product-type.application";
		};
		D722177C20207E9200F9CBA1 /* TDDTestTests */ = {
			isa = PBXNativeTarget;
			buildConfigurationList = D722179420207E9200F9CBA1 /* Build configuration list for PBXNativeTarget "TDDTestTests" */;
			buildPhases = (
				D722177920207E9200F9CBA1 /* Sources */,
				D722177A20207E9200F9CBA1 /* Frameworks */,
				D722177B20207E9200F9CBA1 /* Resources */,
			);
			buildRules = (
			);
			dependencies = (
				D722177F20207E9200F9CBA1 /* PBXTargetDependency */,
			);
			name = TDDTestTests;
			productName = TDDTestTests;
			productReference = D722177D20207E9200F9CBA1 /* TDDTestTests.xctest */;
			productType = "com.apple.product-type.bundle.unit-test";
		};
		D722178720207E9200F9CBA1 /* TDDTestUITests */ = {
			isa = PBXNativeTarget;
			buildConfigurationList = D722179720207E9200F9CBA1 /* Build configuration list for PBXNativeTarget "TDDTestUITests" */;
			buildPhases = (
				D722178420207E9200F9CBA1 /* Sources */,
				D722178520207E9200F9CBA1 /* Frameworks */,
				D722178620207E9200F9CBA1 /* Resources */,
			);
			buildRules = (
			);
			dependencies = (
				D722178A20207E9200F9CBA1 /* PBXTargetDependency */,
			);
			name = TDDTestUITests;
			productName = TDDTestUITests;
			productReference = D722178820207E9200F9CBA1 /* TDDTestUITests.xctest */;
			productType = "com.apple.product-type.bundle.ui-testing";
		};
/* End PBXNativeTarget section */

/* Begin PBXProject section */
		D722176120207E9200F9CBA1 /* Project object */ = {
			isa = PBXProject;
			attributes = {
				LastSwiftUpdateCheck = 0920;
				LastUpgradeCheck = 0920;
				ORGANIZATIONNAME = "Alina Egorova";
				TargetAttributes = {
					D722176820207E9200F9CBA1 = {
						CreatedOnToolsVersion = 9.2;
						ProvisioningStyle = Automatic;
					};
					D722177C20207E9200F9CBA1 = {
						CreatedOnToolsVersion = 9.2;
						LastSwiftMigration = 0920;
						ProvisioningStyle = Automatic;
						TestTargetID = D722176820207E9200F9CBA1;
					};
					D722178720207E9200F9CBA1 = {
						CreatedOnToolsVersion = 9.2;
						ProvisioningStyle = Automatic;
						TestTargetID = D722176820207E9200F9CBA1;
					};
				};
			};
			buildConfigurationList = D722176420207E9200F9CBA1 /* Build configuration list for PBXProject "TDDTest" */;
			compatibilityVersion = "Xcode 8.0";
			developmentRegion = en;
			hasScannedForEncodings = 0;
			knownRegions = (
				en,
				Base,
			);
			mainGroup = D722176020207E9200F9CBA1;
			productRefGroup = D722176A20207E9200F9CBA1 /* Products */;
			projectDirPath = "";
			projectRoot = "";
			targets = (
				D722176820207E9200F9CBA1 /* TDDTest */,
				D722177C20207E9200F9CBA1 /* TDDTestTests */,
				D722178720207E9200F9CBA1 /* TDDTestUITests */,
			);
		};
/* End PBXProject section */

/* Begin PBXResourcesBuildPhase section */
		D722176720207E9200F9CBA1 /* Resources */ = {
			isa = PBXResourcesBuildPhase;
			buildActionMask = 2147483647;
			files = (
				D722177720207E9200F9CBA1 /* LaunchScreen.storyboard in Resources */,
				D722177420207E9200F9CBA1 /* Assets.xcassets in Resources */,
				D722177220207E9200F9CBA1 /* Main.storyboard in Resources */,
			);
			runOnlyForDeploymentPostprocessing = 0;
		};
		D722177B20207E9200F9CBA1 /* Resources */ = {
			isa = PBXResourcesBuildPhase;
			buildActionMask = 2147483647;
			files = (
			);
			runOnlyForDeploymentPostprocessing = 0;
		};
		D722178620207E9200F9CBA1 /* Resources */ = {
			isa = PBXResourcesBuildPhase;
			buildActionMask = 2147483647;
			files = (
			);
			runOnlyForDeploymentPostprocessing = 0;
		};
/* End PBXResourcesBuildPhase section */

/* Begin PBXSourcesBuildPhase section */
		D722176520207E9200F9CBA1 /* Sources */ = {
			isa = PBXSourcesBuildPhase;
			buildActionMask = 2147483647;
			files = (
				D722176F20207E9200F9CBA1 /* ViewController.swift in Sources */,
				D722179D20207FCF00F9CBA1 /* Brain.swift in Sources */,
				D722176D20207E9200F9CBA1 /* AppDelegate.swift in Sources */,
				D72217A32020C2A100F9CBA1 /* Game.swift in Sources */,
				D72217A72021DFC600F9CBA1 /* BluetoothVC.swift in Sources */,
				D72217AC202305F000F9CBA1 /* CBCharacteristic+Properties.swift in Sources */,
				D72217A92023043400F9CBA1 /* DataConvertible.swift in Sources */,
			);
			runOnlyForDeploymentPostprocessing = 0;
		};
		D722177920207E9200F9CBA1 /* Sources */ = {
			isa = PBXSourcesBuildPhase;
			buildActionMask = 2147483647;
			files = (
				D722179B20207F1E00F9CBA1 /* BrainTests.swift in Sources */,
				D722179F2020C24B00F9CBA1 /* GameTests.swift in Sources */,
				D72217A52020CB6000F9CBA1 /* ViewControllerUnitTests.swift in Sources */,
			);
			runOnlyForDeploymentPostprocessing = 0;
		};
		D722178420207E9200F9CBA1 /* Sources */ = {
			isa = PBXSourcesBuildPhase;
			buildActionMask = 2147483647;
			files = (
				D722178D20207E9200F9CBA1 /* TDDTestUITests.swift in Sources */,
			);
			runOnlyForDeploymentPostprocessing = 0;
		};
/* End PBXSourcesBuildPhase section */

/* Begin PBXTargetDependency section */
		D722177F20207E9200F9CBA1 /* PBXTargetDependency */ = {
			isa = PBXTargetDependency;
			target = D722176820207E9200F9CBA1 /* TDDTest */;
			targetProxy = D722177E20207E9200F9CBA1 /* PBXContainerItemProxy */;
		};
		D722178A20207E9200F9CBA1 /* PBXTargetDependency */ = {
			isa = PBXTargetDependency;
			target = D722176820207E9200F9CBA1 /* TDDTest */;
			targetProxy = D722178920207E9200F9CBA1 /* PBXContainerItemProxy */;
		};
/* End PBXTargetDependency section */

/* Begin PBXVariantGroup section */
		D722177020207E9200F9CBA1 /* Main.storyboard */ = {
			isa = PBXVariantGroup;
			children = (
				D722177120207E9200F9CBA1 /* Base */,
			);
			name = Main.storyboard;
			sourceTree = "<group>";
		};
		D722177520207E9200F9CBA1 /* LaunchScreen.storyboard */ = {
			isa = PBXVariantGroup;
			children = (
				D722177620207E9200F9CBA1 /* Base */,
			);
			name = LaunchScreen.storyboard;
			sourceTree = "<group>";
		};
/* End PBXVariantGroup section */

/* Begin XCBuildConfiguration section */
		D722178F20207E9200F9CBA1 /* Debug */ = {
			isa = XCBuildConfiguration;
			buildSettings = {
				ALWAYS_SEARCH_USER_PATHS = NO;
				CLANG_ANALYZER_NONNULL = YES;
				CLANG_ANALYZER_NUMBER_OBJECT_CONVERSION = YES_AGGRESSIVE;
				CLANG_CXX_LANGUAGE_STANDARD = "gnu++14";
				CLANG_CXX_LIBRARY = "libc++";
				CLANG_ENABLE_MODULES = YES;
				CLANG_ENABLE_OBJC_ARC = YES;
				CLANG_WARN_BLOCK_CAPTURE_AUTORELEASING = YES;
				CLANG_WARN_BOOL_CONVERSION = YES;
				CLANG_WARN_COMMA = YES;
				CLANG_WARN_CONSTANT_CONVERSION = YES;
				CLANG_WARN_DIRECT_OBJC_ISA_USAGE = YES_ERROR;
				CLANG_WARN_DOCUMENTATION_COMMENTS = YES;
				CLANG_WARN_EMPTY_BODY = YES;
				CLANG_WARN_ENUM_CONVERSION = YES;
				CLANG_WARN_INFINITE_RECURSION = YES;
				CLANG_WARN_INT_CONVERSION = YES;
				CLANG_WARN_NON_LITERAL_NULL_CONVERSION = YES;
				CLANG_WARN_OBJC_LITERAL_CONVERSION = YES;
				CLANG_WARN_OBJC_ROOT_CLASS = YES_ERROR;
				CLANG_WARN_RANGE_LOOP_ANALYSIS = YES;
				CLANG_WARN_STRICT_PROTOTYPES = YES;
				CLANG_WARN_SUSPICIOUS_MOVE = YES;
				CLANG_WARN_UNGUARDED_AVAILABILITY = YES_AGGRESSIVE;
				CLANG_WARN_UNREACHABLE_CODE = YES;
				CLANG_WARN__DUPLICATE_METHOD_MATCH = YES;
				CODE_SIGN_IDENTITY = "iPhone Developer";
				COPY_PHASE_STRIP = NO;
				DEBUG_INFORMATION_FORMAT = dwarf;
				ENABLE_STRICT_OBJC_MSGSEND = YES;
				ENABLE_TESTABILITY = YES;
				GCC_C_LANGUAGE_STANDARD = gnu11;
				GCC_DYNAMIC_NO_PIC = NO;
				GCC_NO_COMMON_BLOCKS = YES;
				GCC_OPTIMIZATION_LEVEL = 0;
				GCC_PREPROCESSOR_DEFINITIONS = (
					"DEBUG=1",
					"$(inherited)",
				);
				GCC_WARN_64_TO_32_BIT_CONVERSION = YES;
				GCC_WARN_ABOUT_RETURN_TYPE = YES_ERROR;
				GCC_WARN_UNDECLARED_SELECTOR = YES;
				GCC_WARN_UNINITIALIZED_AUTOS = YES_AGGRESSIVE;
				GCC_WARN_UNUSED_FUNCTION = YES;
				GCC_WARN_UNUSED_VARIABLE = YES;
				IPHONEOS_DEPLOYMENT_TARGET = 11.2;
				MTL_ENABLE_DEBUG_INFO = YES;
				ONLY_ACTIVE_ARCH = YES;
				SDKROOT = iphoneos;
				SWIFT_ACTIVE_COMPILATION_CONDITIONS = DEBUG;
				SWIFT_OPTIMIZATION_LEVEL = "-Onone";
			};
			name = Debug;
		};
		D722179020207E9200F9CBA1 /* Release */ = {
			isa = XCBuildConfiguration;
			buildSettings = {
				ALWAYS_SEARCH_USER_PATHS = NO;
				CLANG_ANALYZER_NONNULL = YES;
				CLANG_ANALYZER_NUMBER_OBJECT_CONVERSION = YES_AGGRESSIVE;
				CLANG_CXX_LANGUAGE_STANDARD = "gnu++14";
				CLANG_CXX_LIBRARY = "libc++";
				CLANG_ENABLE_MODULES = YES;
				CLANG_ENABLE_OBJC_ARC = YES;
				CLANG_WARN_BLOCK_CAPTURE_AUTORELEASING = YES;
				CLANG_WARN_BOOL_CONVERSION = YES;
				CLANG_WARN_COMMA = YES;
				CLANG_WARN_CONSTANT_CONVERSION = YES;
				CLANG_WARN_DIRECT_OBJC_ISA_USAGE = YES_ERROR;
				CLANG_WARN_DOCUMENTATION_COMMENTS = YES;
				CLANG_WARN_EMPTY_BODY = YES;
				CLANG_WARN_ENUM_CONVERSION = YES;
				CLANG_WARN_INFINITE_RECURSION = YES;
				CLANG_WARN_INT_CONVERSION = YES;
				CLANG_WARN_NON_LITERAL_NULL_CONVERSION = YES;
				CLANG_WARN_OBJC_LITERAL_CONVERSION = YES;
				CLANG_WARN_OBJC_ROOT_CLASS = YES_ERROR;
				CLANG_WARN_RANGE_LOOP_ANALYSIS = YES;
				CLANG_WARN_STRICT_PROTOTYPES = YES;
				CLANG_WARN_SUSPICIOUS_MOVE = YES;
				CLANG_WARN_UNGUARDED_AVAILABILITY = YES_AGGRESSIVE;
				CLANG_WARN_UNREACHABLE_CODE = YES;
				CLANG_WARN__DUPLICATE_METHOD_MATCH = YES;
				CODE_SIGN_IDENTITY = "iPhone Developer";
				COPY_PHASE_STRIP = NO;
				DEBUG_INFORMATION_FORMAT = "dwarf-with-dsym";
				ENABLE_NS_ASSERTIONS = NO;
				ENABLE_STRICT_OBJC_MSGSEND = YES;
				GCC_C_LANGUAGE_STANDARD = gnu11;
				GCC_NO_COMMON_BLOCKS = YES;
				GCC_WARN_64_TO_32_BIT_CONVERSION = YES;
				GCC_WARN_ABOUT_RETURN_TYPE = YES_ERROR;
				GCC_WARN_UNDECLARED_SELECTOR = YES;
				GCC_WARN_UNINITIALIZED_AUTOS = YES_AGGRESSIVE;
				GCC_WARN_UNUSED_FUNCTION = YES;
				GCC_WARN_UNUSED_VARIABLE = YES;
				IPHONEOS_DEPLOYMENT_TARGET = 11.2;
				MTL_ENABLE_DEBUG_INFO = NO;
				SDKROOT = iphoneos;
				SWIFT_OPTIMIZATION_LEVEL = "-Owholemodule";
				VALIDATE_PRODUCT = YES;
			};
			name = Release;
		};
		D722179220207E9200F9CBA1 /* Debug */ = {
			isa = XCBuildConfiguration;
			buildSettings = {
				ASSETCATALOG_COMPILER_APPICON_NAME = AppIcon;
				"CODE_SIGN_IDENTITY[sdk=iphoneos*]" = "iPhone Developer";
				CODE_SIGN_STYLE = Automatic;
				DEVELOPMENT_TEAM = 4YFHH255JS;
				INFOPLIST_FILE = TDDTest/Info.plist;
				LD_RUNPATH_SEARCH_PATHS = "$(inherited) @executable_path/Frameworks";
				PRODUCT_BUNDLE_IDENTIFIER = AE.TDDTest;
				PRODUCT_NAME = "$(TARGET_NAME)";
				PROVISIONING_PROFILE_SPECIFIER = "";
				SWIFT_VERSION = 4.0;
				TARGETED_DEVICE_FAMILY = "1,2";
			};
			name = Debug;
		};
		D722179320207E9200F9CBA1 /* Release */ = {
			isa = XCBuildConfiguration;
			buildSettings = {
				ASSETCATALOG_COMPILER_APPICON_NAME = AppIcon;
				"CODE_SIGN_IDENTITY[sdk=iphoneos*]" = "iPhone Developer";
				CODE_SIGN_STYLE = Automatic;
				DEVELOPMENT_TEAM = 4YFHH255JS;
				INFOPLIST_FILE = TDDTest/Info.plist;
				LD_RUNPATH_SEARCH_PATHS = "$(inherited) @executable_path/Frameworks";
				PRODUCT_BUNDLE_IDENTIFIER = AE.TDDTest;
				PRODUCT_NAME = "$(TARGET_NAME)";
				PROVISIONING_PROFILE_SPECIFIER = "";
				SWIFT_VERSION = 4.0;
				TARGETED_DEVICE_FAMILY = "1,2";
			};
			name = Release;
		};
		D722179520207E9200F9CBA1 /* Debug */ = {
			isa = XCBuildConfiguration;
			buildSettings = {
				ALWAYS_EMBED_SWIFT_STANDARD_LIBRARIES = YES;
				BUNDLE_LOADER = "$(TEST_HOST)";
				CLANG_ENABLE_MODULES = YES;
				CODE_SIGN_STYLE = Automatic;
				DEVELOPMENT_TEAM = 4YFHH255JS;
				INFOPLIST_FILE = TDDTestTests/Info.plist;
				LD_RUNPATH_SEARCH_PATHS = "$(inherited) @executable_path/Frameworks @loader_path/Frameworks";
				PRODUCT_BUNDLE_IDENTIFIER = AE.TDDTestTests;
				PRODUCT_NAME = "$(TARGET_NAME)";
				SWIFT_OPTIMIZATION_LEVEL = "-Onone";
				SWIFT_VERSION = 4.0;
				TARGETED_DEVICE_FAMILY = "1,2";
				TEST_HOST = "$(BUILT_PRODUCTS_DIR)/TDDTest.app/TDDTest";
			};
			name = Debug;
		};
		D722179620207E9200F9CBA1 /* Release */ = {
			isa = XCBuildConfiguration;
			buildSettings = {
				ALWAYS_EMBED_SWIFT_STANDARD_LIBRARIES = YES;
				BUNDLE_LOADER = "$(TEST_HOST)";
				CLANG_ENABLE_MODULES = YES;
				CODE_SIGN_STYLE = Automatic;
				DEVELOPMENT_TEAM = 4YFHH255JS;
				INFOPLIST_FILE = TDDTestTests/Info.plist;
				LD_RUNPATH_SEARCH_PATHS = "$(inherited) @executable_path/Frameworks @loader_path/Frameworks";
				PRODUCT_BUNDLE_IDENTIFIER = AE.TDDTestTests;
				PRODUCT_NAME = "$(TARGET_NAME)";
				SWIFT_VERSION = 4.0;
				TARGETED_DEVICE_FAMILY = "1,2";
				TEST_HOST = "$(BUILT_PRODUCTS_DIR)/TDDTest.app/TDDTest";
			};
			name = Release;
		};
		D722179820207E9200F9CBA1 /* Debug */ = {
			isa = XCBuildConfiguration;
			buildSettings = {
				ALWAYS_EMBED_SWIFT_STANDARD_LIBRARIES = YES;
				CODE_SIGN_STYLE = Automatic;
				DEVELOPMENT_TEAM = 4YFHH255JS;
				INFOPLIST_FILE = TDDTestUITests/Info.plist;
				LD_RUNPATH_SEARCH_PATHS = "$(inherited) @executable_path/Frameworks @loader_path/Frameworks";
				PRODUCT_BUNDLE_IDENTIFIER = AE.TDDTestUITests;
				PRODUCT_NAME = "$(TARGET_NAME)";
				SWIFT_VERSION = 4.0;
				TARGETED_DEVICE_FAMILY = "1,2";
				TEST_TARGET_NAME = TDDTest;
			};
			name = Debug;
		};
		D722179920207E9200F9CBA1 /* Release */ = {
			isa = XCBuildConfiguration;
			buildSettings = {
				ALWAYS_EMBED_SWIFT_STANDARD_LIBRARIES = YES;
				CODE_SIGN_STYLE = Automatic;
				DEVELOPMENT_TEAM = 4YFHH255JS;
				INFOPLIST_FILE = TDDTestUITests/Info.plist;
				LD_RUNPATH_SEARCH_PATHS = "$(inherited) @executable_path/Frameworks @loader_path/Frameworks";
				PRODUCT_BUNDLE_IDENTIFIER = AE.TDDTestUITests;
				PRODUCT_NAME = "$(TARGET_NAME)";
				SWIFT_VERSION = 4.0;
				TARGETED_DEVICE_FAMILY = "1,2";
				TEST_TARGET_NAME = TDDTest;
			};
			name = Release;
		};
/* End XCBuildConfiguration section */

/* Begin XCConfigurationList section */
		D722176420207E9200F9CBA1 /* Build configuration list for PBXProject "TDDTest" */ = {
			isa = XCConfigurationList;
			buildConfigurations = (
				D722178F20207E9200F9CBA1 /* Debug */,
				D722179020207E9200F9CBA1 /* Release */,
			);
			defaultConfigurationIsVisible = 0;
			defaultConfigurationName = Release;
		};
		D722179120207E9200F9CBA1 /* Build configuration list for PBXNativeTarget "TDDTest" */ = {
			isa = XCConfigurationList;
			buildConfigurations = (
				D722179220207E9200F9CBA1 /* Debug */,
				D722179320207E9200F9CBA1 /* Release */,
			);
			defaultConfigurationIsVisible = 0;
			defaultConfigurationName = Release;
		};
		D722179420207E9200F9CBA1 /* Build configuration list for PBXNativeTarget "TDDTestTests" */ = {
			isa = XCConfigurationList;
			buildConfigurations = (
				D722179520207E9200F9CBA1 /* Debug */,
				D722179620207E9200F9CBA1 /* Release */,
			);
			defaultConfigurationIsVisible = 0;
			defaultConfigurationName = Release;
		};
		D722179720207E9200F9CBA1 /* Build configuration list for PBXNativeTarget "TDDTestUITests" */ = {
			isa = XCConfigurationList;
			buildConfigurations = (
				D722179820207E9200F9CBA1 /* Debug */,
				D722179920207E9200F9CBA1 /* Release */,
			);
			defaultConfigurationIsVisible = 0;
			defaultConfigurationName = Release;
		};
/* End XCConfigurationList section */
	};
	rootObject = D722176120207E9200F9CBA1 /* Project object */;
}
